
Microsoft Visual Studio Solution File, Format Version 12.00
# Visual Studio Version 17
VisualStudioVersion = 17.14.36518.9
MinimumVisualStudioVersion = 10.0.40219.1
Project("{9A19103F-16F7-4668-BE54-9A1E7A4F7556}") = "ARTIFICIAL NEURON", "ARTIFICIAL NEURON\ARTIFICIAL NEURON.csproj", "{C053602E-C015-46F1-889A-2129F5B345BC}"
EndProject
Global
	GlobalSection(SolutionConfigurationPlatforms) = preSolution
		Debug|Any CPU = Debug|Any CPU
		Release|Any CPU = Release|Any CPU
	EndGlobalSection
	GlobalSection(ProjectConfigurationPlatforms) = postSolution
		{C053602E-C015-46F1-889A-2129F5B345BC}.Debug|Any CPU.ActiveCfg = Debug|Any CPU
		{C053602E-C015-46F1-889A-2129F5B345BC}.Debug|Any CPU.Build.0 = Debug|Any CPU
		{C053602E-C015-46F1-889A-2129F5B345BC}.Release|Any CPU.ActiveCfg = Release|Any CPU
		{C053602E-C015-46F1-889A-2129F5B345BC}.Release|Any CPU.Build.0 = Release|Any CPU
	EndGlobalSection
	GlobalSection(SolutionProperties) = preSolution
		HideSolutionNode = FALSE
	EndGlobalSection
	GlobalSection(ExtensibilityGlobals) = postSolution
		SolutionGuid = {C5FD8860-6144-4453-854E-2C80D41F8576}
	EndGlobalSection
EndGlobal
